
Microsoft Visual Studio Solution File, Format Version 12.00
# Visual Studio Version 16
VisualStudioVersion = 16.0.30804.86
MinimumVisualStudioVersion = 10.0.40219.1
Project("{8BC9CEB8-8B4A-11D0-8D11-00A0C91BC942}") = "RequestFlow", "RequestFlow\RequestFlow.vcxproj", "{C3B9D856-8EB4-40B2-959A-E5951BC42016}"
	ProjectSection(ProjectDependencies) = postProject
		{A74EA408-17DC-4C99-BA05-DCAE27478B0B} = {A74EA408-17DC-4C99-BA05-DCAE27478B0B}
		{A1CE99CA-A4D2-49D4-BF8D-A71F17A33076} = {A1CE99CA-A4D2-49D4-BF8D-A71F17A33076}
	EndProjectSection
EndProject
Project("{8BC9CEB8-8B4A-11D0-8D11-00A0C91BC942}") = "CoreModel", "CoreModel\CoreModel.vcxproj", "{A1CE99CA-A4D2-49D4-BF8D-A71F17A33076}"
EndProject
Project("{8BC9CEB8-8B4A-11D0-8D11-00A0C91BC942}") = "CoreView", "CoreView\CoreView.vcxproj", "{A74EA408-17DC-4C99-BA05-DCAE27478B0B}"
EndProject
Global
	GlobalSection(SolutionConfigurationPlatforms) = preSolution
		Debug|x64 = Debug|x64
		Release|x64 = Release|x64
	EndGlobalSection
	GlobalSection(ProjectConfigurationPlatforms) = postSolution
		{C3B9D856-8EB4-40B2-959A-E5951BC42016}.Debug|x64.ActiveCfg = Debug|x64
		{C3B9D856-8EB4-40B2-959A-E5951BC42016}.Debug|x64.Build.0 = Debug|x64
		{C3B9D856-8EB4-40B2-959A-E5951BC42016}.Release|x64.ActiveCfg = Release|x64
		{C3B9D856-8EB4-40B2-959A-E5951BC42016}.Release|x64.Build.0 = Release|x64
		{A1CE99CA-A4D2-49D4-BF8D-A71F17A33076}.Debug|x64.ActiveCfg = Debug|x64
		{A1CE99CA-A4D2-49D4-BF8D-A71F17A33076}.Debug|x64.Build.0 = Debug|x64
		{A1CE99CA-A4D2-49D4-BF8D-A71F17A33076}.Release|x64.ActiveCfg = Release|x64
		{A1CE99CA-A4D2-49D4-BF8D-A71F17A33076}.Release|x64.Build.0 = Release|x64
		{A74EA408-17DC-4C99-BA05-DCAE27478B0B}.Debug|x64.ActiveCfg = Debug|x64
		{A74EA408-17DC-4C99-BA05-DCAE27478B0B}.Debug|x64.Build.0 = Debug|x64
		{A74EA408-17DC-4C99-BA05-DCAE27478B0B}.Release|x64.ActiveCfg = Release|x64
		{A74EA408-17DC-4C99-BA05-DCAE27478B0B}.Release|x64.Build.0 = Release|x64
	EndGlobalSection
	GlobalSection(SolutionProperties) = preSolution
		HideSolutionNode = FALSE
	EndGlobalSection
	GlobalSection(ExtensibilityGlobals) = postSolution
		SolutionGuid = {9B10E367-6FF1-4A80-AA74-44262155DA5A}
	EndGlobalSection
EndGlobal
