<?xml version="1.0" encoding="utf-8"?>
<Project ToolsVersion="4.0" xmlns="http://schemas.microsoft.com/developer/msbuild/2003">
  <ItemGroup>
    <Filter Include="Source Files">
      <UniqueIdentifier>{4FC737F1-C7A5-4376-A066-2A32D752A2FF}</UniqueIdentifier>
      <Extensions>cpp;c;cc;cxx;def;odl;idl;hpj;bat;asm;asmx</Extensions>
    </Filter>
    <Filter Include="Header Files">
      <UniqueIdentifier>{93995380-89BD-4b04-88EB-625FBE52EBFB}</UniqueIdentifier>
      <Extensions>h;hh;hpp;hxx;hm;inl;inc;xsd</Extensions>
    </Filter>
    <Filter Include="Resource Files">
      <UniqueIdentifier>{67DA6AB6-F800-4c08-8B7A-83BB121AAD01}</UniqueIdentifier>
      <Extensions>rc;ico;cur;bmp;dlg;rc2;rct;bin;rgs;gif;jpg;jpeg;jpe;resx;tiff;tif;png;wav;mfcribbon-ms</Extensions>
    </Filter>
    <Filter Include="Form Files">
      <UniqueIdentifier>{99349809-55BA-4b9d-BF79-8FDBB0286EB3}</UniqueIdentifier>
      <Extensions>ui</Extensions>
    </Filter>
    <Filter Include="Resource Files">
      <UniqueIdentifier>{D9D6E242-F8AF-46E4-B9FD-80ECBC20BA3E}</UniqueIdentifier>
      <Extensions>qrc;*</Extensions>
      <ParseFiles>false</ParseFiles>
    </Filter>
    <Filter Include="view">
      <UniqueIdentifier>{bb55e342-8b93-4b43-bd18-7b133222f7dc}</UniqueIdentifier>
    </Filter>
    <Filter Include="view\SceneGraph">
      <UniqueIdentifier>{777e9590-ce08-42ae-afe5-7f527359d813}</UniqueIdentifier>
    </Filter>
    <Filter Include="view\Node">
      <UniqueIdentifier>{8566f5a9-4414-4e24-adfe-775d59cbe64a}</UniqueIdentifier>
    </Filter>
    <Filter Include="MainWindow">
      <UniqueIdentifier>{442dfb8f-7eb4-4907-960f-9ebd261752ed}</UniqueIdentifier>
    </Filter>
    <Filter Include="view\Slot">
      <UniqueIdentifier>{39aa06f1-acef-4966-baad-e31b779774c5}</UniqueIdentifier>
    </Filter>
    <Filter Include="view\Edge">
      <UniqueIdentifier>{01e77ef7-a748-4b44-82c9-4ebdc14301c6}</UniqueIdentifier>
    </Filter>
    <Filter Include="logic">
      <UniqueIdentifier>{2c658a5e-8dfc-4d21-8416-8ae543e9d5fa}</UniqueIdentifier>
    </Filter>
    <Filter Include="logic\PayloadNode">
      <UniqueIdentifier>{99bf675a-2283-4fc0-9a0a-efdb92960fea}</UniqueIdentifier>
    </Filter>
    <Filter Include="logic\EndpointNode">
      <UniqueIdentifier>{e9207ecb-e4c3-4921-814c-2b72c068ea62}</UniqueIdentifier>
    </Filter>
    <Filter Include="view\Node\ContentWidget">
      <UniqueIdentifier>{7a3b22a7-4b4f-4100-ab86-2394d7944192}</UniqueIdentifier>
    </Filter>
    <Filter Include="view\ConnectionEdge">
      <UniqueIdentifier>{5b96e1f1-0fea-40e6-8d2f-492c01b3ddbd}</UniqueIdentifier>
    </Filter>
    <Filter Include="logic\ViewerNode">
      <UniqueIdentifier>{a64593c2-4097-4c4e-8dac-dd84a3c9812e}</UniqueIdentifier>
    </Filter>
    <Filter Include="logic\ModifierNode">
      <UniqueIdentifier>{0532c18f-cead-4a5e-abc7-f33017ce4708}</UniqueIdentifier>
    </Filter>
    <Filter Include="logic\AssertionNode">
      <UniqueIdentifier>{75eaa480-c862-4b0b-827b-1c43f0f92b3c}</UniqueIdentifier>
    </Filter>
    <Filter Include="logic\DelayNode">
      <UniqueIdentifier>{95f40509-c146-407e-82f7-3c5204bf92e8}</UniqueIdentifier>
    </Filter>
    <Filter Include="logic\ScriptNode">
      <UniqueIdentifier>{2ebc8a62-d70e-46d6-b414-190258fedcb6}</UniqueIdentifier>
    </Filter>
    <Filter Include="InteractionsHandler">
      <UniqueIdentifier>{102b008b-2a0b-4648-b70f-5ae801b8b0b0}</UniqueIdentifier>
    </Filter>
    <Filter Include="Persistence">
      <UniqueIdentifier>{bd6baa53-b97d-477f-8421-8f998337635f}</UniqueIdentifier>
    </Filter>
    <Filter Include="view\Node\CustomProxyWidget">
      <UniqueIdentifier>{6ef132e2-2ffb-4164-acd5-495bb0e157b0}</UniqueIdentifier>
    </Filter>
    <Filter Include="Widgets">
      <UniqueIdentifier>{a5873439-36d0-4953-a916-a8e6c3a82a05}</UniqueIdentifier>
    </Filter>
    <Filter Include="Widgets\EnvironmentsWidget">
      <UniqueIdentifier>{3cdbb07d-f31d-4331-8949-210e4c283d24}</UniqueIdentifier>
    </Filter>
    <Filter Include="Widgets\ActionToolBar">
      <UniqueIdentifier>{f716ad78-a1c4-4056-929a-e1054bf39353}</UniqueIdentifier>
    </Filter>
    <Filter Include="Widgets\ActionToolBar\ActionGroup">
      <UniqueIdentifier>{96191848-b9a8-4823-a5ab-a32541bc72af}</UniqueIdentifier>
    </Filter>
    <Filter Include="Widgets\ActionToolBar\ActionItem">
      <UniqueIdentifier>{2d1e772c-a79a-4267-9762-f0b760fda269}</UniqueIdentifier>
    </Filter>
    <Filter Include="Widgets\ActionToolBar\ActionPage">
      <UniqueIdentifier>{b96f7731-ef0e-4fb4-91f8-3803cf731023}</UniqueIdentifier>
    </Filter>
    <Filter Include="Widgets\SceneGraphWidget">
      <UniqueIdentifier>{39628f14-187e-420d-92ed-cb39bd49a4a9}</UniqueIdentifier>
    </Filter>
    <Filter Include="Widgets\ScenariosWidget">
      <UniqueIdentifier>{a95cad9b-967f-47f0-ba33-44a702e4cb05}</UniqueIdentifier>
    </Filter>
    <Filter Include="Widgets\Inventory">
      <UniqueIdentifier>{bcfd1626-a6d0-4b42-9c17-e6f43dcc89d3}</UniqueIdentifier>
    </Filter>
  </ItemGroup>
  <ItemGroup>
    <QtRcc Include="BleachUI.qrc">
      <Filter>Resource Files</Filter>
    </QtRcc>
  </ItemGroup>
  <ItemGroup>
    <ClCompile Include="main.cpp">
      <Filter>Source Files</Filter>
    </ClCompile>
    <ClCompile Include="view\SceneGraph.cpp">
      <Filter>view\SceneGraph</Filter>
    </ClCompile>
    <ClCompile Include="view\SceneGraphWidget.cpp">
      <Filter>Widgets\SceneGraphWidget</Filter>
    </ClCompile>
    <ClCompile Include="view\Node.cpp">
      <Filter>view\Node</Filter>
    </ClCompile>
    <ClCompile Include="MainWindow.cpp">
      <Filter>MainWindow</Filter>
    </ClCompile>
    <ClCompile Include="view\Slot.cpp">
      <Filter>view\Slot</Filter>
    </ClCompile>
    <ClCompile Include="view\Edge.cpp">
      <Filter>view\Edge</Filter>
    </ClCompile>
    <ClCompile Include="view\ConnectionEdge.cpp">
      <Filter>view\ConnectionEdge</Filter>
    </ClCompile>
    <ClCompile Include="logic\PayloadNode.cpp">
      <Filter>logic\PayloadNode</Filter>
    </ClCompile>
    <ClCompile Include="view\ContentWidget.cpp">
      <Filter>view\Node\ContentWidget</Filter>
    </ClCompile>
    <ClCompile Include="logic\EndpointNode.cpp">
      <Filter>logic\EndpointNode</Filter>
    </ClCompile>
    <ClCompile Include="logic\ViewerNode.cpp">
      <Filter>logic\ViewerNode</Filter>
    </ClCompile>
    <ClCompile Include="logic\ModifierNode.cpp">
      <Filter>logic\ModifierNode</Filter>
    </ClCompile>
    <ClCompile Include="logic\DelayNode.cpp">
      <Filter>logic\DelayNode</Filter>
    </ClCompile>
    <ClCompile Include="logic\ScriptNode.cpp">
      <Filter>logic\ScriptNode</Filter>
    </ClCompile>
    <ClCompile Include="PersistenceHandler.cpp">
      <Filter>Persistence</Filter>
    </ClCompile>
    <ClCompile Include="view\InteractionsHandler.cpp">
      <Filter>InteractionsHandler</Filter>
    </ClCompile>
    <ClCompile Include="logic\AssertionNode.cpp">
      <Filter>logic\AssertionNode</Filter>
    </ClCompile>
    <ClCompile Include="view\CustomProxyWidget.cpp">
      <Filter>view\Node\CustomProxyWidget</Filter>
    </ClCompile>
    <ClCompile Include="EnvironmentsWidget.cpp">
      <Filter>Widgets\EnvironmentsWidget</Filter>
    </ClCompile>
    <ClCompile Include="ActionGroup.cpp">
      <Filter>Widgets\ActionToolBar\ActionGroup</Filter>
    </ClCompile>
    <ClCompile Include="ActionItem.cpp">
      <Filter>Widgets\ActionToolBar\ActionItem</Filter>
    </ClCompile>
    <ClCompile Include="ActionPage.cpp">
      <Filter>Widgets\ActionToolBar\ActionPage</Filter>
    </ClCompile>
    <ClCompile Include="ActionToolBar.cpp">
      <Filter>Widgets\ActionToolBar</Filter>
    </ClCompile>
    <ClCompile Include="ScenariosWidget.cpp">
      <Filter>Widgets\ScenariosWidget</Filter>
    </ClCompile>
    <ClCompile Include="InventoryWidget.cpp">
      <Filter>Widgets\Inventory</Filter>
    </ClCompile>
  </ItemGroup>
  <ItemGroup>
    <ClInclude Include="view\SceneGraph.h">
      <Filter>view\SceneGraph</Filter>
    </ClInclude>
    <ClInclude Include="view\SceneGraphWidget.h">
      <Filter>Widgets\SceneGraphWidget</Filter>
    </ClInclude>
    <ClInclude Include="view\Colors.h">
      <Filter>view</Filter>
    </ClInclude>
    <ClInclude Include="view\ConnectionEdge.h">
      <Filter>view\ConnectionEdge</Filter>
    </ClInclude>
    <ClInclude Include="logic\PayloadNode.h">
      <Filter>logic\PayloadNode</Filter>
    </ClInclude>
    <ClInclude Include="logic\ViewerNode.h">
      <Filter>logic\ViewerNode</Filter>
    </ClInclude>
    <ClInclude Include="logic\ModifierNode.h">
      <Filter>logic\ModifierNode</Filter>
    </ClInclude>
    <ClInclude Include="logic\DelayNode.h">
      <Filter>logic\DelayNode</Filter>
    </ClInclude>
    <ClInclude Include="logic\ScriptNode.h">
      <Filter>logic\ScriptNode</Filter>
    </ClInclude>
    <ClInclude Include="resource.h">
      <Filter>Header Files</Filter>
    </ClInclude>
    <ClInclude Include="PersistenceHandler.h">
      <Filter>Persistence</Filter>
    </ClInclude>
    <ClInclude Include="view\InteractionsHandler.h">
      <Filter>InteractionsHandler</Filter>
    </ClInclude>
    <ClInclude Include="logic\AssertionNode.h">
      <Filter>logic\AssertionNode</Filter>
    </ClInclude>
    <ClInclude Include="view\CustomProxyWidget.h">
      <Filter>view\Node\CustomProxyWidget</Filter>
    </ClInclude>
    <ClInclude Include="ActionItem.h">
      <Filter>Widgets\ActionToolBar\ActionItem</Filter>
    </ClInclude>
  </ItemGroup>
  <ItemGroup>
    <QtMoc Include="MainWindow.h">
      <Filter>MainWindow</Filter>
    </QtMoc>
    <QtMoc Include="view\ContentWidget.h">
      <Filter>view\Node\ContentWidget</Filter>
    </QtMoc>
    <QtMoc Include="view\Node.h">
      <Filter>view\Node</Filter>
    </QtMoc>
    <QtMoc Include="view\Slot.h">
      <Filter>view\Slot</Filter>
    </QtMoc>
    <QtMoc Include="logic\EndpointNode.h">
      <Filter>logic\EndpointNode</Filter>
    </QtMoc>
    <QtMoc Include="view\Edge.h">
      <Filter>view\Edge</Filter>
    </QtMoc>
    <QtMoc Include="EnvironmentsWidget.h">
      <Filter>Widgets\EnvironmentsWidget</Filter>
    </QtMoc>
    <QtMoc Include="ActionGroup.h">
      <Filter>Widgets\ActionToolBar\ActionGroup</Filter>
    </QtMoc>
    <QtMoc Include="ActionPage.h">
      <Filter>Widgets\ActionToolBar\ActionPage</Filter>
    </QtMoc>
    <QtMoc Include="ActionToolBar.h">
      <Filter>Widgets\ActionToolBar</Filter>
    </QtMoc>
    <QtMoc Include="ScenariosWidget.h">
      <Filter>Widgets\ScenariosWidget</Filter>
    </QtMoc>
    <QtMoc Include="InventoryWidget.h">
      <Filter>Widgets\Inventory</Filter>
    </QtMoc>
  </ItemGroup>
  <ItemGroup>
    <QtUic Include="view\NodeContentWidget.ui">
      <Filter>Form Files</Filter>
    </QtUic>
    <QtUic Include="ui\EndpointNodeUi.ui">
      <Filter>Form Files</Filter>
    </QtUic>
    <QtUic Include="ui\MainWindow.ui">
      <Filter>Form Files</Filter>
    </QtUic>
    <QtUic Include="ui\ModifierNodeUi.ui">
      <Filter>Form Files</Filter>
    </QtUic>
    <QtUic Include="ui\DelayNodeUi.ui">
      <Filter>Form Files</Filter>
    </QtUic>
    <QtUic Include="ui\ViewerNodeUi.ui">
      <Filter>Form Files</Filter>
    </QtUic>
    <QtUic Include="ui\PayloadNodeUi.ui">
      <Filter>Form Files</Filter>
    </QtUic>
    <QtUic Include="EnvironmentsWidget.ui">
      <Filter>Form Files</Filter>
    </QtUic>
    <QtUic Include="ui\ActionGroup.ui">
      <Filter>Form Files</Filter>
    </QtUic>
    <QtUic Include="ui\ActionPage.ui">
      <Filter>Form Files</Filter>
    </QtUic>
    <QtUic Include="ScenariosWidget.ui">
      <Filter>Form Files</Filter>
    </QtUic>
    <QtUic Include="InventoryWidget.ui">
      <Filter>Form Files</Filter>
    </QtUic>
  </ItemGroup>
  <ItemGroup>
    <ResourceCompile Include="BleachUI.rc">
      <Filter>Resource Files</Filter>
    </ResourceCompile>
  </ItemGroup>
  <ItemGroup>
    <Image Include="icons\node (1).png">
      <Filter>Resource Files</Filter>
    </Image>
    <Image Include="icons\node (1).ico">
      <Filter>Resource Files</Filter>
    </Image>
  </ItemGroup>
</Project>