<?xml version="1.0" encoding="utf-8"?>
<Project ToolsVersion="4.0" xmlns="http://schemas.microsoft.com/developer/msbuild/2003">
  <ItemGroup>
    <Filter Include="Source Files">
      <UniqueIdentifier>{4FC737F1-C7A5-4376-A066-2A32D752A2FF}</UniqueIdentifier>
      <Extensions>cpp;c;cc;cxx;def;odl;idl;hpj;bat;asm;asmx</Extensions>
    </Filter>
    <Filter Include="Header Files">
      <UniqueIdentifier>{93995380-89BD-4b04-88EB-625FBE52EBFB}</UniqueIdentifier>
      <Extensions>h;hh;hpp;hxx;hm;inl;inc;xsd</Extensions>
    </Filter>
    <Filter Include="Resource Files">
      <UniqueIdentifier>{67DA6AB6-F800-4c08-8B7A-83BB121AAD01}</UniqueIdentifier>
      <Extensions>qrc;rc;ico;cur;bmp;dlg;rc2;rct;bin;rgs;gif;jpg;jpeg;jpe;resx;tiff;tif;png;wav;mfcribbon-ms</Extensions>
    </Filter>
    <Filter Include="Translation Files">
      <UniqueIdentifier>{639EADAA-A684-42e4-A9AD-28FC9BCB8F7C}</UniqueIdentifier>
      <Extensions>ts</Extensions>
    </Filter>
    <Filter Include="view">
      <UniqueIdentifier>{685d1ff7-aebe-4f2c-8faf-8c112410e37d}</UniqueIdentifier>
    </Filter>
    <Filter Include="logic">
      <UniqueIdentifier>{ee2c06cd-6a85-4b7b-ad9a-8b351cef1152}</UniqueIdentifier>
    </Filter>
    <Filter Include="view\ConnectionEdge">
      <UniqueIdentifier>{65ea0b7c-2951-4738-8551-92816762a346}</UniqueIdentifier>
    </Filter>
    <Filter Include="view\Edge">
      <UniqueIdentifier>{808c5777-8530-41b3-af3d-24b4eeecd10b}</UniqueIdentifier>
    </Filter>
    <Filter Include="view\Node">
      <UniqueIdentifier>{9d63f8cf-a2dc-4ad2-a7d6-10659147b6f7}</UniqueIdentifier>
    </Filter>
    <Filter Include="view\SceneGraph">
      <UniqueIdentifier>{8afd23c7-854e-42f5-b9c1-5d62229ff3df}</UniqueIdentifier>
    </Filter>
    <Filter Include="view\Slot">
      <UniqueIdentifier>{c42101a0-2805-45c6-9e5a-cc8e75a8b4c9}</UniqueIdentifier>
    </Filter>
    <Filter Include="logic\AssertionNode">
      <UniqueIdentifier>{12259613-2490-4087-ace2-3fcad7ad9db3}</UniqueIdentifier>
    </Filter>
    <Filter Include="logic\EndpointNode">
      <UniqueIdentifier>{5d2f36f9-e605-47c8-8dd2-fb24b61de8bf}</UniqueIdentifier>
    </Filter>
    <Filter Include="logic\DelayNode">
      <UniqueIdentifier>{d41969f4-66a6-4fe8-81fe-4cfd17ea107a}</UniqueIdentifier>
    </Filter>
    <Filter Include="logic\PayloadNode">
      <UniqueIdentifier>{09ec08b7-a905-40ef-9227-7693766a28fc}</UniqueIdentifier>
    </Filter>
    <Filter Include="logic\ScriptNode">
      <UniqueIdentifier>{d27c45a8-e056-4d56-887f-1848271fdbc4}</UniqueIdentifier>
    </Filter>
    <Filter Include="logic\ViewerNode">
      <UniqueIdentifier>{d612693b-e442-424e-84e7-636b13b536c3}</UniqueIdentifier>
    </Filter>
    <Filter Include="view\Node\ContentWidget">
      <UniqueIdentifier>{d9802e52-dad7-4802-9dd2-d5097b2cdb62}</UniqueIdentifier>
    </Filter>
    <Filter Include="view\Node\ContentWidget\CustomProxyWidget">
      <UniqueIdentifier>{a0a94389-cd60-42c7-8185-61bb190f513a}</UniqueIdentifier>
    </Filter>
    <Filter Include="InteractionsHandler">
      <UniqueIdentifier>{325cc7ad-1d70-4492-aeec-14d0391c77a5}</UniqueIdentifier>
    </Filter>
    <Filter Include="view\SceneGraphWidget">
      <UniqueIdentifier>{609695c1-33f7-46d9-abbd-ae44ba30b0b1}</UniqueIdentifier>
    </Filter>
    <Filter Include="Form Files">
      <UniqueIdentifier>{08333bda-9987-4d6f-951e-4bfc9f6af715}</UniqueIdentifier>
    </Filter>
  </ItemGroup>
  <ItemGroup>
    <ClInclude Include="coreview_global.h">
      <Filter>Header Files</Filter>
    </ClInclude>
    <ClCompile Include="CoreView.cpp">
      <Filter>Source Files</Filter>
    </ClCompile>
    <ClInclude Include="view\Colors.h">
      <Filter>view</Filter>
    </ClInclude>
    <ClInclude Include="view\SceneGraph.h">
      <Filter>view\SceneGraph</Filter>
    </ClInclude>
    <ClInclude Include="view\ConnectionEdge.h">
      <Filter>view\ConnectionEdge</Filter>
    </ClInclude>
    <ClInclude Include="view\CustomProxyWidget.h">
      <Filter>view\Node\ContentWidget\CustomProxyWidget</Filter>
    </ClInclude>
    <ClInclude Include="InteractionsHandler.h">
      <Filter>InteractionsHandler</Filter>
    </ClInclude>
    <ClInclude Include="view\SceneGraphWidget.h">
      <Filter>view\SceneGraphWidget</Filter>
    </ClInclude>
    <ClInclude Include="CoreView.h">
      <Filter>Header Files</Filter>
    </ClInclude>
  </ItemGroup>
  <ItemGroup>
    <ClCompile Include="logic\AssertionNode.cpp">
      <Filter>logic\AssertionNode</Filter>
    </ClCompile>
    <ClCompile Include="logic\DelayNode.cpp">
      <Filter>logic\DelayNode</Filter>
    </ClCompile>
    <ClCompile Include="logic\EndpointNode.cpp">
      <Filter>logic\EndpointNode</Filter>
    </ClCompile>
    <ClCompile Include="logic\ViewerNode.cpp">
      <Filter>logic\ViewerNode</Filter>
    </ClCompile>
    <ClCompile Include="logic\ScriptNode.cpp">
      <Filter>logic\ScriptNode</Filter>
    </ClCompile>
    <ClCompile Include="logic\PayloadNode.cpp">
      <Filter>logic\PayloadNode</Filter>
    </ClCompile>
    <ClCompile Include="view\Edge.cpp">
      <Filter>view\Edge</Filter>
    </ClCompile>
    <ClCompile Include="view\ContentWidget.cpp">
      <Filter>view\Node\ContentWidget</Filter>
    </ClCompile>
    <ClCompile Include="view\Slot.cpp">
      <Filter>view\Slot</Filter>
    </ClCompile>
    <ClCompile Include="view\ConnectionEdge.cpp">
      <Filter>view\ConnectionEdge</Filter>
    </ClCompile>
    <ClCompile Include="view\Node.cpp">
      <Filter>view\Node</Filter>
    </ClCompile>
    <ClCompile Include="view\CustomProxyWidget.cpp">
      <Filter>view\Node\ContentWidget\CustomProxyWidget</Filter>
    </ClCompile>
    <ClCompile Include="view\SceneGraph.cpp">
      <Filter>view\SceneGraph</Filter>
    </ClCompile>
    <ClCompile Include="InteractionsHandler.cpp">
      <Filter>InteractionsHandler</Filter>
    </ClCompile>
    <ClCompile Include="view\SceneGraphWidget.cpp">
      <Filter>view\SceneGraphWidget</Filter>
    </ClCompile>
  </ItemGroup>
  <ItemGroup>
    <QtMoc Include="logic\AssertionNode.h">
      <Filter>logic\AssertionNode</Filter>
    </QtMoc>
    <QtMoc Include="logic\DelayNode.h">
      <Filter>logic\DelayNode</Filter>
    </QtMoc>
    <QtMoc Include="logic\EndpointNode.h">
      <Filter>logic\EndpointNode</Filter>
    </QtMoc>
    <QtMoc Include="logic\ViewerNode.h">
      <Filter>logic\ViewerNode</Filter>
    </QtMoc>
    <QtMoc Include="logic\ScriptNode.h">
      <Filter>logic\ScriptNode</Filter>
    </QtMoc>
    <QtMoc Include="logic\PayloadNode.h">
      <Filter>logic\PayloadNode</Filter>
    </QtMoc>
    <QtMoc Include="view\Edge.h">
      <Filter>view\Edge</Filter>
    </QtMoc>
    <QtMoc Include="view\ContentWidget.h">
      <Filter>view\Node\ContentWidget</Filter>
    </QtMoc>
    <QtMoc Include="view\Slot.h">
      <Filter>view\Slot</Filter>
    </QtMoc>
    <QtMoc Include="view\Node.h">
      <Filter>view\Node</Filter>
    </QtMoc>
  </ItemGroup>
  <ItemGroup>
    <QtUic Include="ui\DelayNodeUi.ui">
      <Filter>Form Files</Filter>
    </QtUic>
    <QtUic Include="ui\EndpointNodeUi.ui">
      <Filter>Form Files</Filter>
    </QtUic>
    <QtUic Include="ui\ModifierNodeUi.ui">
      <Filter>Form Files</Filter>
    </QtUic>
    <QtUic Include="ui\PayloadNodeUi.ui">
      <Filter>Form Files</Filter>
    </QtUic>
    <QtUic Include="ui\ScriptNodeUi.ui">
      <Filter>Form Files</Filter>
    </QtUic>
    <QtUic Include="ui\ViewerNodeUi.ui">
      <Filter>Form Files</Filter>
    </QtUic>
  </ItemGroup>
</Project>