<?xml version="1.0" encoding="utf-8"?>
<Project xmlns="http://schemas.microsoft.com/developer/msbuild/2003">
  <ItemGroup>
    <Filter Include="Generated Files">
      <UniqueIdentifier>{71ED8ED8-ACB9-4CE9-BBE1-E00B30144E11}</UniqueIdentifier>
      <Extensions>cpp;c;cxx;moc;h;def;odl;idl;res;</Extensions>
    </Filter>
    <Filter Include="Generated Files">
      <UniqueIdentifier>{71ED8ED8-ACB9-4CE9-BBE1-E00B30144E11}</UniqueIdentifier>
      <Extensions>cpp;c;cxx;moc;h;def;odl;idl;res;</Extensions>
    </Filter>
    <Filter Include="Header Files">
      <UniqueIdentifier>{93995380-89BD-4b04-88EB-625FBE52EBFB}</UniqueIdentifier>
      <Extensions>h;hpp;hxx;hm;inl;inc;xsd</Extensions>
    </Filter>
    <Filter Include="Header Files">
      <UniqueIdentifier>{93995380-89BD-4b04-88EB-625FBE52EBFB}</UniqueIdentifier>
      <Extensions>h;hpp;hxx;hm;inl;inc;xsd</Extensions>
    </Filter>
    <Filter Include="Resource Files">
      <UniqueIdentifier>{D9D6E242-F8AF-46E4-B9FD-80ECBC20BA3E}</UniqueIdentifier>
      <Extensions>qrc;*</Extensions>
      <ParseFiles>false</ParseFiles>
    </Filter>
    <Filter Include="Resource Files">
      <UniqueIdentifier>{D9D6E242-F8AF-46E4-B9FD-80ECBC20BA3E}</UniqueIdentifier>
      <Extensions>qrc;*</Extensions>
      <ParseFiles>false</ParseFiles>
    </Filter>
    <Filter Include="Source Files">
      <UniqueIdentifier>{4FC737F1-C7A5-4376-A066-2A32D752A2FF}</UniqueIdentifier>
      <Extensions>cpp;c;cxx;def;odl;idl;hpj;bat;asm;asmx</Extensions>
    </Filter>
    <Filter Include="Source Files">
      <UniqueIdentifier>{4FC737F1-C7A5-4376-A066-2A32D752A2FF}</UniqueIdentifier>
      <Extensions>cpp;c;cxx;def;odl;idl;hpj;bat;asm;asmx</Extensions>
    </Filter>
  </ItemGroup>
  <ItemGroup>
    <ClCompile Include="model\AssertionNode.cpp">
      <Filter>Source Files</Filter>
    </ClCompile>
    <ClCompile Include="CustomJSEngine.cpp">
      <Filter>Source Files</Filter>
    </ClCompile>
    <ClCompile Include="model\DelayNode.cpp">
      <Filter>Source Files</Filter>
    </ClCompile>
    <ClCompile Include="model\Document.cpp">
      <Filter>Source Files</Filter>
    </ClCompile>
    <ClCompile Include="model\Edge.cpp">
      <Filter>Source Files</Filter>
    </ClCompile>
    <ClCompile Include="model\EndpointEntry.cpp">
      <Filter>Source Files</Filter>
    </ClCompile>
    <ClCompile Include="model\EndpointNode.cpp">
      <Filter>Source Files</Filter>
    </ClCompile>
    <ClCompile Include="model\EntryDefinition.cpp">
      <Filter>Source Files</Filter>
    </ClCompile>
    <ClCompile Include="model\Environment.cpp">
      <Filter>Source Files</Filter>
    </ClCompile>
    <ClCompile Include="ExecutionEngine.cpp">
      <Filter>Source Files</Filter>
    </ClCompile>
    <ClCompile Include="model\ExternalNode.cpp">
      <Filter>Source Files</Filter>
    </ClCompile>
    <ClCompile Include="model\Graph.cpp">
      <Filter>Source Files</Filter>
    </ClCompile>
    <ClCompile Include="model\GroupNode.cpp">
      <Filter>Source Files</Filter>
    </ClCompile>
    <ClCompile Include="model\IdentifiableEntity.cpp">
      <Filter>Source Files</Filter>
    </ClCompile>
    <ClCompile Include="model\Message.cpp">
      <Filter>Source Files</Filter>
    </ClCompile>
    <ClCompile Include="model\MessageLogger.cpp">
      <Filter>Source Files</Filter>
    </ClCompile>
    <ClCompile Include="model\Node.cpp">
      <Filter>Source Files</Filter>
    </ClCompile>
    <ClCompile Include="model\NotifiableEntity.cpp">
      <Filter>Source Files</Filter>
    </ClCompile>
    <ClCompile Include="model\PayloadNode.cpp">
      <Filter>Source Files</Filter>
    </ClCompile>
    <ClCompile Include="model\PersistableEntity.cpp">
      <Filter>Source Files</Filter>
    </ClCompile>
    <ClCompile Include="model\PersistenceHandler.cpp">
      <Filter>Source Files</Filter>
    </ClCompile>
    <ClCompile Include="model\PersistenceHandlerUtils.cpp">
      <Filter>Source Files</Filter>
    </ClCompile>
    <ClCompile Include="model\Project.cpp">
      <Filter>Source Files</Filter>
    </ClCompile>
    <ClCompile Include="model\ScriptNode.cpp">
      <Filter>Source Files</Filter>
    </ClCompile>
    <ClCompile Include="model\Slot.cpp">
      <Filter>Source Files</Filter>
    </ClCompile>
    <ClCompile Include="model\ViewerNode.cpp">
      <Filter>Source Files</Filter>
    </ClCompile>
  </ItemGroup>
  <ItemGroup>
    <QtMoc Include="model\AssertionNode.h">
      <Filter>Header Files</Filter>
    </QtMoc>
    <QtMoc Include="CustomJSEngine.h">
      <Filter>Header Files</Filter>
    </QtMoc>
    <QtMoc Include="model\DelayNode.h">
      <Filter>Header Files</Filter>
    </QtMoc>
    <QtMoc Include="model\Document.h">
      <Filter>Header Files</Filter>
    </QtMoc>
    <QtMoc Include="model\Edge.h">
      <Filter>Header Files</Filter>
    </QtMoc>
    <QtMoc Include="model\EndpointEntry.h">
      <Filter>Header Files</Filter>
    </QtMoc>
    <QtMoc Include="model\EndpointNode.h">
      <Filter>Header Files</Filter>
    </QtMoc>
    <QtMoc Include="model\EntryDefinition.h">
      <Filter>Header Files</Filter>
    </QtMoc>
    <QtMoc Include="model\Environment.h">
      <Filter>Header Files</Filter>
    </QtMoc>
    <QtMoc Include="ExecutionEngine.h">
      <Filter>Header Files</Filter>
    </QtMoc>
    <QtMoc Include="model\ExternalNode.h">
      <Filter>Header Files</Filter>
    </QtMoc>
    <QtMoc Include="model\Graph.h">
      <Filter>Header Files</Filter>
    </QtMoc>
    <QtMoc Include="model\GroupNode.h">
      <Filter>Header Files</Filter>
    </QtMoc>
    <QtMoc Include="model\IdentifiableEntity.h">
      <Filter>Header Files</Filter>
    </QtMoc>
    <ClInclude Include="model\Message.h">
      <Filter>Header Files</Filter>
    </ClInclude>
    <QtMoc Include="model\MessageLogger.h">
      <Filter>Header Files</Filter>
    </QtMoc>
    <QtMoc Include="model\Node.h">
      <Filter>Header Files</Filter>
    </QtMoc>
    <QtMoc Include="model\NotifiableEntity.h">
      <Filter>Header Files</Filter>
    </QtMoc>
    <QtMoc Include="model\PayloadNode.h">
      <Filter>Header Files</Filter>
    </QtMoc>
    <ClInclude Include="model\PersistableEntity.h">
      <Filter>Header Files</Filter>
    </ClInclude>
    <ClInclude Include="model\PersistenceHandler.h">
      <Filter>Header Files</Filter>
    </ClInclude>
    <ClInclude Include="model\PersistenceHandlerUtils.h">
      <Filter>Header Files</Filter>
    </ClInclude>
    <ClInclude Include="model\Project.h">
      <Filter>Header Files</Filter>
    </ClInclude>
    <QtMoc Include="model\ScriptNode.h">
      <Filter>Header Files</Filter>
    </QtMoc>
    <QtMoc Include="model\Slot.h">
      <Filter>Header Files</Filter>
    </QtMoc>
    <QtMoc Include="model\ViewerNode.h">
      <Filter>Header Files</Filter>
    </QtMoc>
    <ClInclude Include="coremodel_global.h">
      <Filter>Header Files</Filter>
    </ClInclude>
  </ItemGroup>
  <ItemGroup>
    
    
    
    
    
    
    
    
    
    
    
    
    
    
    
    
    
    
    
    
    
    
    
    
    
    
    
    
    
    
    
    
    
    
    
    
    
    
    
    
    
    
    <CustomBuild Include="debug\moc_predefs.h.cbt">
      <Filter>Generated Files</Filter>
    </CustomBuild>
    <CustomBuild Include="release\moc_predefs.h.cbt">
      <Filter>Generated Files</Filter>
    </CustomBuild>
    
    
  </ItemGroup>
  <ItemGroup>
    <QtRcc Include="Resource.qrc">
      <Filter>Resource Files</Filter>
    </QtRcc>
    <None Include="resources\js\assert.txt">
      <Filter>Resource Files</Filter>
    </None>
    <None Include="resources\js\index-browser-umd.min.txt">
      <Filter>Resource Files</Filter>
    </None>
  </ItemGroup>
</Project>