<?xml version="1.0" encoding="utf-8"?>
<Project xmlns="http://schemas.microsoft.com/developer/msbuild/2003">
  <ItemGroup>
    <Filter Include="Form Files">
      <UniqueIdentifier>{99349809-55BA-4b9d-BF79-8FDBB0286EB3}</UniqueIdentifier>
      <Extensions>ui</Extensions>
      <ParseFiles>false</ParseFiles>
    </Filter>
    <Filter Include="Form Files">
      <UniqueIdentifier>{99349809-55BA-4b9d-BF79-8FDBB0286EB3}</UniqueIdentifier>
      <Extensions>ui</Extensions>
      <ParseFiles>false</ParseFiles>
    </Filter>
    <Filter Include="Generated Files">
      <UniqueIdentifier>{71ED8ED8-ACB9-4CE9-BBE1-E00B30144E11}</UniqueIdentifier>
      <Extensions>cpp;c;cxx;moc;h;def;odl;idl;res;</Extensions>
    </Filter>
    <Filter Include="Generated Files">
      <UniqueIdentifier>{71ED8ED8-ACB9-4CE9-BBE1-E00B30144E11}</UniqueIdentifier>
      <Extensions>cpp;c;cxx;moc;h;def;odl;idl;res;</Extensions>
    </Filter>
    <Filter Include="Header Files">
      <UniqueIdentifier>{93995380-89BD-4b04-88EB-625FBE52EBFB}</UniqueIdentifier>
      <Extensions>h;hpp;hxx;hm;inl;inc;xsd</Extensions>
    </Filter>
    <Filter Include="Header Files">
      <UniqueIdentifier>{93995380-89BD-4b04-88EB-625FBE52EBFB}</UniqueIdentifier>
      <Extensions>h;hpp;hxx;hm;inl;inc;xsd</Extensions>
    </Filter>
    <Filter Include="Resource Files">
      <UniqueIdentifier>{D9D6E242-F8AF-46E4-B9FD-80ECBC20BA3E}</UniqueIdentifier>
      <Extensions>qrc;*</Extensions>
      <ParseFiles>false</ParseFiles>
    </Filter>
    <Filter Include="Resource Files">
      <UniqueIdentifier>{D9D6E242-F8AF-46E4-B9FD-80ECBC20BA3E}</UniqueIdentifier>
      <Extensions>qrc;*</Extensions>
      <ParseFiles>false</ParseFiles>
    </Filter>
    <Filter Include="Source Files">
      <UniqueIdentifier>{4FC737F1-C7A5-4376-A066-2A32D752A2FF}</UniqueIdentifier>
      <Extensions>cpp;c;cxx;def;odl;idl;hpj;bat;asm;asmx</Extensions>
    </Filter>
    <Filter Include="Source Files">
      <UniqueIdentifier>{4FC737F1-C7A5-4376-A066-2A32D752A2FF}</UniqueIdentifier>
      <Extensions>cpp;c;cxx;def;odl;idl;hpj;bat;asm;asmx</Extensions>
    </Filter>
  </ItemGroup>
  <ItemGroup>
    <ClCompile Include="logic\AssertionNode.cpp">
      <Filter>Source Files</Filter>
    </ClCompile>
    <ClCompile Include="view\ConnectionEdge.cpp">
      <Filter>Source Files</Filter>
    </ClCompile>
    <ClCompile Include="view\ContentWidget.cpp">
      <Filter>Source Files</Filter>
    </ClCompile>
    <ClCompile Include="CoreViewUtils.cpp">
      <Filter>Source Files</Filter>
    </ClCompile>
    <ClCompile Include="CustomJSONModel.cpp">
      <Filter>Source Files</Filter>
    </ClCompile>
    <ClCompile Include="CustomNodeModel.cpp">
      <Filter>Source Files</Filter>
    </ClCompile>
    <ClCompile Include="logic\DelayNode.cpp">
      <Filter>Source Files</Filter>
    </ClCompile>
    <ClCompile Include="view\Edge.cpp">
      <Filter>Source Files</Filter>
    </ClCompile>
    <ClCompile Include="logic\EndpointNode.cpp">
      <Filter>Source Files</Filter>
    </ClCompile>
    <ClCompile Include="logic\ExternalNode.cpp">
      <Filter>Source Files</Filter>
    </ClCompile>
    <ClCompile Include="ExternalNodeSelectionDialog.cpp">
      <Filter>Source Files</Filter>
    </ClCompile>
    <ClCompile Include="GenericJSONItem.cpp">
      <Filter>Source Files</Filter>
    </ClCompile>
    <ClCompile Include="view\GroupNode.cpp">
      <Filter>Source Files</Filter>
    </ClCompile>
    <ClCompile Include="InteractionsHandler.cpp">
      <Filter>Source Files</Filter>
    </ClCompile>
    <ClCompile Include="LargePayloadInfoWidget.cpp">
      <Filter>Source Files</Filter>
    </ClCompile>
    <ClCompile Include="MiniMap.cpp">
      <Filter>Source Files</Filter>
    </ClCompile>
    <ClCompile Include="view\Node.cpp">
      <Filter>Source Files</Filter>
    </ClCompile>
    <ClCompile Include="NodeSearchDialog.cpp">
      <Filter>Source Files</Filter>
    </ClCompile>
    <ClCompile Include="logic\PayloadNode.cpp">
      <Filter>Source Files</Filter>
    </ClCompile>
    <ClCompile Include="view\SceneGraph.cpp">
      <Filter>Source Files</Filter>
    </ClCompile>
    <ClCompile Include="view\SceneGraphWidget.cpp">
      <Filter>Source Files</Filter>
    </ClCompile>
    <ClCompile Include="logic\ScriptNode.cpp">
      <Filter>Source Files</Filter>
    </ClCompile>
    <ClCompile Include="view\Slot.cpp">
      <Filter>Source Files</Filter>
    </ClCompile>
    <ClCompile Include="logic\ViewerNode.cpp">
      <Filter>Source Files</Filter>
    </ClCompile>
    <ClCompile Include="ViewerNodeWidget.cpp">
      <Filter>Source Files</Filter>
    </ClCompile>
  </ItemGroup>
  <ItemGroup>
    <QtMoc Include="logic\AssertionNode.h">
      <Filter>Header Files</Filter>
    </QtMoc>
    <ClInclude Include="view\Colors.h">
      <Filter>Header Files</Filter>
    </ClInclude>
    <ClInclude Include="view\ConnectionEdge.h">
      <Filter>Header Files</Filter>
    </ClInclude>
    <QtMoc Include="view\ContentWidget.h">
      <Filter>Header Files</Filter>
    </QtMoc>
    <ClInclude Include="CoreViewUtils.h">
      <Filter>Header Files</Filter>
    </ClInclude>
    <QtMoc Include="CustomJSONModel.h">
      <Filter>Header Files</Filter>
    </QtMoc>
    <ClInclude Include="CustomNodeModel.h">
      <Filter>Header Files</Filter>
    </ClInclude>
    <QtMoc Include="logic\DelayNode.h">
      <Filter>Header Files</Filter>
    </QtMoc>
    <QtMoc Include="view\Edge.h">
      <Filter>Header Files</Filter>
    </QtMoc>
    <QtMoc Include="logic\EndpointNode.h">
      <Filter>Header Files</Filter>
    </QtMoc>
    <QtMoc Include="logic\ExternalNode.h">
      <Filter>Header Files</Filter>
    </QtMoc>
    <QtMoc Include="ExternalNodeSelectionDialog.h">
      <Filter>Header Files</Filter>
    </QtMoc>
    <ClInclude Include="GenericJSONItem.h">
      <Filter>Header Files</Filter>
    </ClInclude>
    <ClInclude Include="view\GroupNode.h">
      <Filter>Header Files</Filter>
    </ClInclude>
    <ClInclude Include="InteractionsHandler.h">
      <Filter>Header Files</Filter>
    </ClInclude>
    <QtMoc Include="LargePayloadInfoWidget.h">
      <Filter>Header Files</Filter>
    </QtMoc>
    <ClInclude Include="MiniMap.h">
      <Filter>Header Files</Filter>
    </ClInclude>
    <QtMoc Include="view\Node.h">
      <Filter>Header Files</Filter>
    </QtMoc>
    <QtMoc Include="NodeSearchDialog.h">
      <Filter>Header Files</Filter>
    </QtMoc>
    <QtMoc Include="logic\PayloadNode.h">
      <Filter>Header Files</Filter>
    </QtMoc>
    <QtMoc Include="view\SceneGraph.h">
      <Filter>Header Files</Filter>
    </QtMoc>
    <ClInclude Include="view\SceneGraphWidget.h">
      <Filter>Header Files</Filter>
    </ClInclude>
    <QtMoc Include="logic\ScriptNode.h">
      <Filter>Header Files</Filter>
    </QtMoc>
    <QtMoc Include="view\Slot.h">
      <Filter>Header Files</Filter>
    </QtMoc>
    <QtMoc Include="logic\ViewerNode.h">
      <Filter>Header Files</Filter>
    </QtMoc>
    <QtMoc Include="ViewerNodeWidget.h">
      <Filter>Header Files</Filter>
    </QtMoc>
    <ClInclude Include="coreview_global.h">
      <Filter>Header Files</Filter>
    </ClInclude>
  </ItemGroup>
  <ItemGroup>
    
    
    
    
    
    
    
    
    
    
    
    
    
    
    
    
    
    
    
    
    
    
    
    
    
    
    
    
    
    
    
    
    
    
    <CustomBuild Include="debug\moc_predefs.h.cbt">
      <Filter>Generated Files</Filter>
    </CustomBuild>
    <CustomBuild Include="release\moc_predefs.h.cbt">
      <Filter>Generated Files</Filter>
    </CustomBuild>
    
    
    
    
    
    
    
    
    
    
    
    
  </ItemGroup>
  <ItemGroup>
    <QtUic Include="ui\AssertNodeUi.ui">
      <Filter>Form Files</Filter>
    </QtUic>
    <QtUic Include="ui\DelayNodeUi.ui">
      <Filter>Form Files</Filter>
    </QtUic>
    <QtUic Include="ui\EndpointNodeUi.ui">
      <Filter>Form Files</Filter>
    </QtUic>
    <QtUic Include="ui\ExternalNodeUi.ui">
      <Filter>Form Files</Filter>
    </QtUic>
    <QtUic Include="NodeSearchDialog.ui">
      <Filter>Form Files</Filter>
    </QtUic>
    <QtUic Include="ui\PayloadNodeUi.ui">
      <Filter>Form Files</Filter>
    </QtUic>
    <QtUic Include="ui\ScriptNodeUi.ui">
      <Filter>Form Files</Filter>
    </QtUic>
    <QtUic Include="ui\ViewerNodeUi.ui">
      <Filter>Form Files</Filter>
    </QtUic>
    <QtUic Include="externalnodeselectiondialog.ui">
      <Filter>Form Files</Filter>
    </QtUic>
    <QtUic Include="largepayloadinfowidget.ui">
      <Filter>Form Files</Filter>
    </QtUic>
  </ItemGroup>
  <ItemGroup>
    <None Include="slots\Frame 21.svg">
      <Filter>Resource Files</Filter>
    </None>
    <None Include="slots\Frame 24.svg">
      <Filter>Resource Files</Filter>
    </None>
    <None Include="slots\Frame 25.svg">
      <Filter>Resource Files</Filter>
    </None>
    <None Include="slots\Frame 26.svg">
      <Filter>Resource Files</Filter>
    </None>
    <None Include="slots\Frame 35.svg">
      <Filter>Resource Files</Filter>
    </None>
    <QtRcc Include="NodeIcons.qrc">
      <Filter>Resource Files</Filter>
    </QtRcc>
    <None Include="nodes\assertion.svg">
      <Filter>Resource Files</Filter>
    </None>
    <None Include="nodes\delay.svg">
      <Filter>Resource Files</Filter>
    </None>
    <None Include="nodes\endpoint.svg">
      <Filter>Resource Files</Filter>
    </None>
    <None Include="nodes\external.svg">
      <Filter>Resource Files</Filter>
    </None>
    <None Include="nodes\payload.svg">
      <Filter>Resource Files</Filter>
    </None>
    <None Include="nodes\script.svg">
      <Filter>Resource Files</Filter>
    </None>
    <None Include="nodes\viewer.svg">
      <Filter>Resource Files</Filter>
    </None>
  </ItemGroup>
</Project>